
Microsoft Visual Studio Solution File, Format Version 12.00
# Visual Studio Version 16
VisualStudioVersion = 16.0.30413.136
MinimumVisualStudioVersion = 10.0.40219.1
Project("{FAE04EC0-301F-11D3-BF4B-00C04F79EFBC}") = "library", "library.csproj", "{2554D143-BF9C-40CE-BC28-6FE2F9F14664}"
EndProject
Global
	GlobalSection(SolutionConfigurationPlatforms) = preSolution
		Debug|Any CPU = Debug|Any CPU
		Release|Any CPU = Release|Any CPU
	EndGlobalSection
	GlobalSection(ProjectConfigurationPlatforms) = postSolution
		{2554D143-BF9C-40CE-BC28-6FE2F9F14664}.Debug|Any CPU.ActiveCfg = Debug|Any CPU
		{2554D143-BF9C-40CE-BC28-6FE2F9F14664}.Debug|Any CPU.Build.0 = Debug|Any CPU
		{2554D143-BF9C-40CE-BC28-6FE2F9F14664}.Release|Any CPU.ActiveCfg = Release|Any CPU
		{2554D143-BF9C-40CE-BC28-6FE2F9F14664}.Release|Any CPU.Build.0 = Release|Any CPU
	EndGlobalSection
	GlobalSection(SolutionProperties) = preSolution
		HideSolutionNode = FALSE
	EndGlobalSection
	GlobalSection(ExtensibilityGlobals) = postSolution
		SolutionGuid = {41BD1727-5A88-4EE3-8DB9-AFC8953FFDA4}
	EndGlobalSection
EndGlobal
